// !$*UTF8*$!
{
	archiveVersion = 1;
	classes = {
	};
	objectVersion = 56;
	objects = {

/* Begin PBXBuildFile section */
		083647362C03C0EC0060BB44 /* ImageCache.swift in Sources */ = {isa = PBXBuildFile; fileRef = 083647352C03C0EC0060BB44 /* ImageCache.swift */; };
		0836473B2C03DC2E0060BB44 /* Job+CoreDataClass.swift in Sources */ = {isa = PBXBuildFile; fileRef = 083647392C03DC2E0060BB44 /* Job+CoreDataClass.swift */; };
		0836473C2C03DC2E0060BB44 /* Job+CoreDataProperties.swift in Sources */ = {isa = PBXBuildFile; fileRef = 0836473A2C03DC2E0060BB44 /* Job+CoreDataProperties.swift */; };
		083647A12C04F3780060BB44 /* CoreDataController.swift in Sources */ = {isa = PBXBuildFile; fileRef = 083647A02C04F3780060BB44 /* CoreDataController.swift */; };
		083647A72C065B210060BB44 /* UIColor+Ext.swift in Sources */ = {isa = PBXBuildFile; fileRef = 083647A62C065B210060BB44 /* UIColor+Ext.swift */; };
		085082522BF7CC36000E04C5 /* AppDelegate.swift in Sources */ = {isa = PBXBuildFile; fileRef = 085082512BF7CC36000E04C5 /* AppDelegate.swift */; };
		085082542BF7CC36000E04C5 /* SceneDelegate.swift in Sources */ = {isa = PBXBuildFile; fileRef = 085082532BF7CC36000E04C5 /* SceneDelegate.swift */; };
		0850825C2BF7CC36000E04C5 /* JobTrackMacro5.xcdatamodeld in Sources */ = {isa = PBXBuildFile; fileRef = 0850825A2BF7CC36000E04C5 /* JobTrackMacro5.xcdatamodeld */; };
		0850825E2BF7CC37000E04C5 /* Assets.xcassets in Resources */ = {isa = PBXBuildFile; fileRef = 0850825D2BF7CC37000E04C5 /* Assets.xcassets */; };
		085082612BF7CC37000E04C5 /* Base in Resources */ = {isa = PBXBuildFile; fileRef = 085082602BF7CC37000E04C5 /* Base */; };
		085082692BF7CD01000E04C5 /* JobListVC.swift in Sources */ = {isa = PBXBuildFile; fileRef = 085082682BF7CD01000E04C5 /* JobListVC.swift */; };
		085082BF2BFBC297000E04C5 /* JTTextField.swift in Sources */ = {isa = PBXBuildFile; fileRef = 085082BE2BFBC297000E04C5 /* JTTextField.swift */; };
		085082C12BFBC37A000E04C5 /* JTButton.swift in Sources */ = {isa = PBXBuildFile; fileRef = 085082C02BFBC37A000E04C5 /* JTButton.swift */; };
		085082C32BFBC3C8000E04C5 /* FormVC.swift in Sources */ = {isa = PBXBuildFile; fileRef = 085082C22BFBC3C8000E04C5 /* FormVC.swift */; };
		085082C52BFBC756000E04C5 /* JTLabel.swift in Sources */ = {isa = PBXBuildFile; fileRef = 085082C42BFBC756000E04C5 /* JTLabel.swift */; };
		085082C92BFBDDAA000E04C5 /* JobCollectionViewCell.swift in Sources */ = {isa = PBXBuildFile; fileRef = 085082C82BFBDDAA000E04C5 /* JobCollectionViewCell.swift */; };
		085082D02BFBE2CC000E04C5 /* SituationLabel.swift in Sources */ = {isa = PBXBuildFile; fileRef = 085082CF2BFBE2CC000E04C5 /* SituationLabel.swift */; };
		085082D42BFD0CBF000E04C5 /* UIView+Ext.swift in Sources */ = {isa = PBXBuildFile; fileRef = 085082D32BFD0CBF000E04C5 /* UIView+Ext.swift */; };
		085082DF2BFE6527000E04C5 /* Cygre-Light.ttf in Resources */ = {isa = PBXBuildFile; fileRef = 085082DE2BFE6527000E04C5 /* Cygre-Light.ttf */; };
		085082E12BFE6CAC000E04C5 /* JTFormSection.swift in Sources */ = {isa = PBXBuildFile; fileRef = 085082E02BFE6CAC000E04C5 /* JTFormSection.swift */; };
		085082E32BFE8E60000E04C5 /* CollectionViewDelegate.swift in Sources */ = {isa = PBXBuildFile; fileRef = 085082E22BFE8E60000E04C5 /* CollectionViewDelegate.swift */; };
		085082E72BFE93CB000E04C5 /* Cygre-Bold.ttf in Resources */ = {isa = PBXBuildFile; fileRef = 085082E62BFE93CB000E04C5 /* Cygre-Bold.ttf */; };
		085082E92BFFA2AB000E04C5 /* CollectionViewDataSource.swift in Sources */ = {isa = PBXBuildFile; fileRef = 085082E82BFFA2AB000E04C5 /* CollectionViewDataSource.swift */; };
		085082ED2C010416000E04C5 /* JobInformationVC.swift in Sources */ = {isa = PBXBuildFile; fileRef = 085082EC2C010416000E04C5 /* JobInformationVC.swift */; };
/* End PBXBuildFile section */

/* Begin PBXFileReference section */
		083647352C03C0EC0060BB44 /* ImageCache.swift */ = {isa = PBXFileReference; lastKnownFileType = sourcecode.swift; path = ImageCache.swift; sourceTree = "<group>"; };
		083647392C03DC2E0060BB44 /* Job+CoreDataClass.swift */ = {isa = PBXFileReference; lastKnownFileType = sourcecode.swift; path = "Job+CoreDataClass.swift"; sourceTree = "<group>"; };
		0836473A2C03DC2E0060BB44 /* Job+CoreDataProperties.swift */ = {isa = PBXFileReference; lastKnownFileType = sourcecode.swift; name = "Job+CoreDataProperties.swift"; path = "../Job+CoreDataProperties.swift"; sourceTree = "<group>"; };
		083647A02C04F3780060BB44 /* CoreDataController.swift */ = {isa = PBXFileReference; lastKnownFileType = sourcecode.swift; path = CoreDataController.swift; sourceTree = "<group>"; };
		083647A62C065B210060BB44 /* UIColor+Ext.swift */ = {isa = PBXFileReference; lastKnownFileType = sourcecode.swift; path = "UIColor+Ext.swift"; sourceTree = "<group>"; };
		0850824E2BF7CC36000E04C5 /* JobTrackMacro5.app */ = {isa = PBXFileReference; explicitFileType = wrapper.application; includeInIndex = 0; path = JobTrackMacro5.app; sourceTree = BUILT_PRODUCTS_DIR; };
		085082512BF7CC36000E04C5 /* AppDelegate.swift */ = {isa = PBXFileReference; lastKnownFileType = sourcecode.swift; path = AppDelegate.swift; sourceTree = "<group>"; };
		085082532BF7CC36000E04C5 /* SceneDelegate.swift */ = {isa = PBXFileReference; lastKnownFileType = sourcecode.swift; path = SceneDelegate.swift; sourceTree = "<group>"; };
		0850825B2BF7CC36000E04C5 /* JobTrackMacro5.xcdatamodel */ = {isa = PBXFileReference; lastKnownFileType = wrapper.xcdatamodel; path = JobTrackMacro5.xcdatamodel; sourceTree = "<group>"; };
		0850825D2BF7CC37000E04C5 /* Assets.xcassets */ = {isa = PBXFileReference; lastKnownFileType = folder.assetcatalog; path = Assets.xcassets; sourceTree = "<group>"; };
		085082602BF7CC37000E04C5 /* Base */ = {isa = PBXFileReference; lastKnownFileType = file.storyboard; name = Base; path = Base.lproj/LaunchScreen.storyboard; sourceTree = "<group>"; };
		085082622BF7CC37000E04C5 /* Info.plist */ = {isa = PBXFileReference; lastKnownFileType = text.plist.xml; path = Info.plist; sourceTree = "<group>"; };
		085082682BF7CD01000E04C5 /* JobListVC.swift */ = {isa = PBXFileReference; lastKnownFileType = sourcecode.swift; path = JobListVC.swift; sourceTree = "<group>"; };
		085082BE2BFBC297000E04C5 /* JTTextField.swift */ = {isa = PBXFileReference; lastKnownFileType = sourcecode.swift; path = JTTextField.swift; sourceTree = "<group>"; };
		085082C02BFBC37A000E04C5 /* JTButton.swift */ = {isa = PBXFileReference; lastKnownFileType = sourcecode.swift; path = JTButton.swift; sourceTree = "<group>"; };
		085082C22BFBC3C8000E04C5 /* FormVC.swift */ = {isa = PBXFileReference; lastKnownFileType = sourcecode.swift; path = FormVC.swift; sourceTree = "<group>"; };
		085082C42BFBC756000E04C5 /* JTLabel.swift */ = {isa = PBXFileReference; lastKnownFileType = sourcecode.swift; path = JTLabel.swift; sourceTree = "<group>"; };
		085082C82BFBDDAA000E04C5 /* JobCollectionViewCell.swift */ = {isa = PBXFileReference; lastKnownFileType = sourcecode.swift; path = JobCollectionViewCell.swift; sourceTree = "<group>"; };
		085082CF2BFBE2CC000E04C5 /* SituationLabel.swift */ = {isa = PBXFileReference; lastKnownFileType = sourcecode.swift; path = SituationLabel.swift; sourceTree = "<group>"; };
		085082D32BFD0CBF000E04C5 /* UIView+Ext.swift */ = {isa = PBXFileReference; lastKnownFileType = sourcecode.swift; path = "UIView+Ext.swift"; sourceTree = "<group>"; };
		085082DE2BFE6527000E04C5 /* Cygre-Light.ttf */ = {isa = PBXFileReference; lastKnownFileType = file; name = "Cygre-Light.ttf"; path = "../../../Downloads/cygre-font-family-1711698723-0/Cygre-Light.ttf"; sourceTree = "<group>"; };
		085082E02BFE6CAC000E04C5 /* JTFormSection.swift */ = {isa = PBXFileReference; lastKnownFileType = sourcecode.swift; path = JTFormSection.swift; sourceTree = "<group>"; };
		085082E22BFE8E60000E04C5 /* CollectionViewDelegate.swift */ = {isa = PBXFileReference; lastKnownFileType = sourcecode.swift; path = CollectionViewDelegate.swift; sourceTree = "<group>"; };
		085082E62BFE93CB000E04C5 /* Cygre-Bold.ttf */ = {isa = PBXFileReference; lastKnownFileType = file; name = "Cygre-Bold.ttf"; path = "../../../Downloads/cygre-font-family-1711698723-0/Cygre-Bold.ttf"; sourceTree = "<group>"; };
		085082E82BFFA2AB000E04C5 /* CollectionViewDataSource.swift */ = {isa = PBXFileReference; lastKnownFileType = sourcecode.swift; path = CollectionViewDataSource.swift; sourceTree = "<group>"; };
		085082EC2C010416000E04C5 /* JobInformationVC.swift */ = {isa = PBXFileReference; lastKnownFileType = sourcecode.swift; path = JobInformationVC.swift; sourceTree = "<group>"; };
/* End PBXFileReference section */

/* Begin PBXFrameworksBuildPhase section */
		0850824B2BF7CC36000E04C5 /* Frameworks */ = {
			isa = PBXFrameworksBuildPhase;
			buildActionMask = 2147483647;
			files = (
			);
			runOnlyForDeploymentPostprocessing = 0;
		};
/* End PBXFrameworksBuildPhase section */

/* Begin PBXGroup section */
		083647282C0384D50060BB44 /* Model */ = {
			isa = PBXGroup;
			children = (
				083647392C03DC2E0060BB44 /* Job+CoreDataClass.swift */,
				0836473A2C03DC2E0060BB44 /* Job+CoreDataProperties.swift */,
				0850825A2BF7CC36000E04C5 /* JobTrackMacro5.xcdatamodeld */,
			);
			path = Model;
			sourceTree = "<group>";
		};
		083647292C03852D0060BB44 /* Configuration */ = {
			isa = PBXGroup;
			children = (
				085082512BF7CC36000E04C5 /* AppDelegate.swift */,
				083647A02C04F3780060BB44 /* CoreDataController.swift */,
				085082532BF7CC36000E04C5 /* SceneDelegate.swift */,
				0850825F2BF7CC37000E04C5 /* LaunchScreen.storyboard */,
				0850825D2BF7CC37000E04C5 /* Assets.xcassets */,
			);
			path = Configuration;
			sourceTree = "<group>";
		};
		0836472B2C03880D0060BB44 /* View */ = {
			isa = PBXGroup;
			children = (
				085082C82BFBDDAA000E04C5 /* JobCollectionViewCell.swift */,
				085082E22BFE8E60000E04C5 /* CollectionViewDelegate.swift */,
				085082E82BFFA2AB000E04C5 /* CollectionViewDataSource.swift */,
			);
			path = View;
			sourceTree = "<group>";
		};
		0836472C2C0388750060BB44 /* View Controller */ = {
			isa = PBXGroup;
			children = (
				085082682BF7CD01000E04C5 /* JobListVC.swift */,
				085082C22BFBC3C8000E04C5 /* FormVC.swift */,
				085082EC2C010416000E04C5 /* JobInformationVC.swift */,
			);
			path = "View Controller";
			sourceTree = "<group>";
		};
		083647372C03D01C0060BB44 /* JobTrackMacro5 */ = {
			isa = PBXGroup;
			children = (
				085082622BF7CC37000E04C5 /* Info.plist */,
				083647A62C065B210060BB44 /* UIColor+Ext.swift */,
			);
			path = JobTrackMacro5;
			sourceTree = "<group>";
		};
		085082452BF7CC36000E04C5 = {
			isa = PBXGroup;
			children = (
				083647372C03D01C0060BB44 /* JobTrackMacro5 */,
				083647352C03C0EC0060BB44 /* ImageCache.swift */,
				085082D32BFD0CBF000E04C5 /* UIView+Ext.swift */,
				085082DD2BFE64E3000E04C5 /* Fonts */,
				083647292C03852D0060BB44 /* Configuration */,
				083647282C0384D50060BB44 /* Model */,
				0836472B2C03880D0060BB44 /* View */,
				0836472C2C0388750060BB44 /* View Controller */,
				0850826D2BF80AA7000E04C5 /* CustomViews */,
				0850824F2BF7CC36000E04C5 /* Products */,
			);
			sourceTree = "<group>";
		};
		0850824F2BF7CC36000E04C5 /* Products */ = {
			isa = PBXGroup;
			children = (
				0850824E2BF7CC36000E04C5 /* JobTrackMacro5.app */,
			);
			name = Products;
			sourceTree = "<group>";
		};
		0850826D2BF80AA7000E04C5 /* CustomViews */ = {
			isa = PBXGroup;
			children = (
				085082C42BFBC756000E04C5 /* JTLabel.swift */,
				085082BE2BFBC297000E04C5 /* JTTextField.swift */,
				085082E02BFE6CAC000E04C5 /* JTFormSection.swift */,
				085082C02BFBC37A000E04C5 /* JTButton.swift */,
				085082CF2BFBE2CC000E04C5 /* SituationLabel.swift */,
			);
			path = CustomViews;
			sourceTree = "<group>";
		};
		085082DD2BFE64E3000E04C5 /* Fonts */ = {
			isa = PBXGroup;
			children = (
				085082DE2BFE6527000E04C5 /* Cygre-Light.ttf */,
				085082E62BFE93CB000E04C5 /* Cygre-Bold.ttf */,
			);
			path = Fonts;
			sourceTree = "<group>";
		};
/* End PBXGroup section */

/* Begin PBXNativeTarget section */
		0850824D2BF7CC36000E04C5 /* JobTrackMacro5 */ = {
			isa = PBXNativeTarget;
			buildConfigurationList = 085082652BF7CC37000E04C5 /* Build configuration list for PBXNativeTarget "JobTrackMacro5" */;
			buildPhases = (
				0850824A2BF7CC36000E04C5 /* Sources */,
				0850824B2BF7CC36000E04C5 /* Frameworks */,
				0850824C2BF7CC36000E04C5 /* Resources */,
			);
			buildRules = (
			);
			dependencies = (
			);
			name = JobTrackMacro5;
			productName = JobTrackMacro5;
			productReference = 0850824E2BF7CC36000E04C5 /* JobTrackMacro5.app */;
			productType = "com.apple.product-type.application";
		};
/* End PBXNativeTarget section */

/* Begin PBXProject section */
		085082462BF7CC36000E04C5 /* Project object */ = {
			isa = PBXProject;
			attributes = {
				BuildIndependentTargetsInParallel = 1;
				LastSwiftUpdateCheck = 1530;
				LastUpgradeCheck = 1530;
				TargetAttributes = {
					0850824D2BF7CC36000E04C5 = {
						CreatedOnToolsVersion = 15.3;
					};
				};
			};
			buildConfigurationList = 085082492BF7CC36000E04C5 /* Build configuration list for PBXProject "JobTrackMacro5" */;
			compatibilityVersion = "Xcode 14.0";
			developmentRegion = en;
			hasScannedForEncodings = 0;
			knownRegions = (
				en,
				Base,
			);
			mainGroup = 085082452BF7CC36000E04C5;
			productRefGroup = 0850824F2BF7CC36000E04C5 /* Products */;
			projectDirPath = "";
			projectRoot = "";
			targets = (
				0850824D2BF7CC36000E04C5 /* JobTrackMacro5 */,
			);
		};
/* End PBXProject section */

/* Begin PBXResourcesBuildPhase section */
		0850824C2BF7CC36000E04C5 /* Resources */ = {
			isa = PBXResourcesBuildPhase;
			buildActionMask = 2147483647;
			files = (
				0850825E2BF7CC37000E04C5 /* Assets.xcassets in Resources */,
				085082DF2BFE6527000E04C5 /* Cygre-Light.ttf in Resources */,
				085082612BF7CC37000E04C5 /* Base in Resources */,
				085082E72BFE93CB000E04C5 /* Cygre-Bold.ttf in Resources */,
			);
			runOnlyForDeploymentPostprocessing = 0;
		};
/* End PBXResourcesBuildPhase section */

/* Begin PBXSourcesBuildPhase section */
		0850824A2BF7CC36000E04C5 /* Sources */ = {
			isa = PBXSourcesBuildPhase;
			buildActionMask = 2147483647;
			files = (
				085082ED2C010416000E04C5 /* JobInformationVC.swift in Sources */,
				085082522BF7CC36000E04C5 /* AppDelegate.swift in Sources */,
				085082C92BFBDDAA000E04C5 /* JobCollectionViewCell.swift in Sources */,
				085082692BF7CD01000E04C5 /* JobListVC.swift in Sources */,
				085082C12BFBC37A000E04C5 /* JTButton.swift in Sources */,
				085082C32BFBC3C8000E04C5 /* FormVC.swift in Sources */,
				0850825C2BF7CC36000E04C5 /* JobTrackMacro5.xcdatamodeld in Sources */,
				085082542BF7CC36000E04C5 /* SceneDelegate.swift in Sources */,
				085082E92BFFA2AB000E04C5 /* CollectionViewDataSource.swift in Sources */,
				0836473B2C03DC2E0060BB44 /* Job+CoreDataClass.swift in Sources */,
				0836473C2C03DC2E0060BB44 /* Job+CoreDataProperties.swift in Sources */,
				085082D42BFD0CBF000E04C5 /* UIView+Ext.swift in Sources */,
				083647A72C065B210060BB44 /* UIColor+Ext.swift in Sources */,
				085082E12BFE6CAC000E04C5 /* JTFormSection.swift in Sources */,
				085082C52BFBC756000E04C5 /* JTLabel.swift in Sources */,
				085082E32BFE8E60000E04C5 /* CollectionViewDelegate.swift in Sources */,
				085082D02BFBE2CC000E04C5 /* SituationLabel.swift in Sources */,
				083647A12C04F3780060BB44 /* CoreDataController.swift in Sources */,
				083647362C03C0EC0060BB44 /* ImageCache.swift in Sources */,
				085082BF2BFBC297000E04C5 /* JTTextField.swift in Sources */,
			);
			runOnlyForDeploymentPostprocessing = 0;
		};
/* End PBXSourcesBuildPhase section */

/* Begin PBXVariantGroup section */
		0850825F2BF7CC37000E04C5 /* LaunchScreen.storyboard */ = {
			isa = PBXVariantGroup;
			children = (
				085082602BF7CC37000E04C5 /* Base */,
			);
			name = LaunchScreen.storyboard;
			sourceTree = "<group>";
		};
/* End PBXVariantGroup section */

/* Begin XCBuildConfiguration section */
		085082632BF7CC37000E04C5 /* Debug */ = {
			isa = XCBuildConfiguration;
			buildSettings = {
				ALWAYS_SEARCH_USER_PATHS = NO;
				ASSETCATALOG_COMPILER_GENERATE_SWIFT_ASSET_SYMBOL_EXTENSIONS = YES;
				CLANG_ANALYZER_NONNULL = YES;
				CLANG_ANALYZER_NUMBER_OBJECT_CONVERSION = YES_AGGRESSIVE;
				CLANG_CXX_LANGUAGE_STANDARD = "gnu++20";
				CLANG_ENABLE_MODULES = YES;
				CLANG_ENABLE_OBJC_ARC = YES;
				CLANG_ENABLE_OBJC_WEAK = YES;
				CLANG_WARN_BLOCK_CAPTURE_AUTORELEASING = YES;
				CLANG_WARN_BOOL_CONVERSION = YES;
				CLANG_WARN_COMMA = YES;
				CLANG_WARN_CONSTANT_CONVERSION = YES;
				CLANG_WARN_DEPRECATED_OBJC_IMPLEMENTATIONS = YES;
				CLANG_WARN_DIRECT_OBJC_ISA_USAGE = YES_ERROR;
				CLANG_WARN_DOCUMENTATION_COMMENTS = YES;
				CLANG_WARN_EMPTY_BODY = YES;
				CLANG_WARN_ENUM_CONVERSION = YES;
				CLANG_WARN_INFINITE_RECURSION = YES;
				CLANG_WARN_INT_CONVERSION = YES;
				CLANG_WARN_NON_LITERAL_NULL_CONVERSION = YES;
				CLANG_WARN_OBJC_IMPLICIT_RETAIN_SELF = YES;
				CLANG_WARN_OBJC_LITERAL_CONVERSION = YES;
				CLANG_WARN_OBJC_ROOT_CLASS = YES_ERROR;
				CLANG_WARN_QUOTED_INCLUDE_IN_FRAMEWORK_HEADER = YES;
				CLANG_WARN_RANGE_LOOP_ANALYSIS = YES;
				CLANG_WARN_STRICT_PROTOTYPES = YES;
				CLANG_WARN_SUSPICIOUS_MOVE = YES;
				CLANG_WARN_UNGUARDED_AVAILABILITY = YES_AGGRESSIVE;
				CLANG_WARN_UNREACHABLE_CODE = YES;
				CLANG_WARN__DUPLICATE_METHOD_MATCH = YES;
				COPY_PHASE_STRIP = NO;
				DEBUG_INFORMATION_FORMAT = dwarf;
				ENABLE_STRICT_OBJC_MSGSEND = YES;
				ENABLE_TESTABILITY = YES;
				ENABLE_USER_SCRIPT_SANDBOXING = YES;
				GCC_C_LANGUAGE_STANDARD = gnu17;
				GCC_DYNAMIC_NO_PIC = NO;
				GCC_NO_COMMON_BLOCKS = YES;
				GCC_OPTIMIZATION_LEVEL = 0;
				GCC_PREPROCESSOR_DEFINITIONS = (
					"DEBUG=1",
					"$(inherited)",
				);
				GCC_WARN_64_TO_32_BIT_CONVERSION = YES;
				GCC_WARN_ABOUT_RETURN_TYPE = YES_ERROR;
				GCC_WARN_UNDECLARED_SELECTOR = YES;
				GCC_WARN_UNINITIALIZED_AUTOS = YES_AGGRESSIVE;
				GCC_WARN_UNUSED_FUNCTION = YES;
				GCC_WARN_UNUSED_VARIABLE = YES;
				IPHONEOS_DEPLOYMENT_TARGET = 16.0;
				LOCALIZATION_PREFERS_STRING_CATALOGS = YES;
				MTL_ENABLE_DEBUG_INFO = INCLUDE_SOURCE;
				MTL_FAST_MATH = YES;
				ONLY_ACTIVE_ARCH = YES;
				SDKROOT = iphoneos;
				SWIFT_ACTIVE_COMPILATION_CONDITIONS = "DEBUG $(inherited)";
				SWIFT_OPTIMIZATION_LEVEL = "-Onone";
			};
			name = Debug;
		};
		085082642BF7CC37000E04C5 /* Release */ = {
			isa = XCBuildConfiguration;
			buildSettings = {
				ALWAYS_SEARCH_USER_PATHS = NO;
				ASSETCATALOG_COMPILER_GENERATE_SWIFT_ASSET_SYMBOL_EXTENSIONS = YES;
				CLANG_ANALYZER_NONNULL = YES;
				CLANG_ANALYZER_NUMBER_OBJECT_CONVERSION = YES_AGGRESSIVE;
				CLANG_CXX_LANGUAGE_STANDARD = "gnu++20";
				CLANG_ENABLE_MODULES = YES;
				CLANG_ENABLE_OBJC_ARC = YES;
				CLANG_ENABLE_OBJC_WEAK = YES;
				CLANG_WARN_BLOCK_CAPTURE_AUTORELEASING = YES;
				CLANG_WARN_BOOL_CONVERSION = YES;
				CLANG_WARN_COMMA = YES;
				CLANG_WARN_CONSTANT_CONVERSION = YES;
				CLANG_WARN_DEPRECATED_OBJC_IMPLEMENTATIONS = YES;
				CLANG_WARN_DIRECT_OBJC_ISA_USAGE = YES_ERROR;
				CLANG_WARN_DOCUMENTATION_COMMENTS = YES;
				CLANG_WARN_EMPTY_BODY = YES;
				CLANG_WARN_ENUM_CONVERSION = YES;
				CLANG_WARN_INFINITE_RECURSION = YES;
				CLANG_WARN_INT_CONVERSION = YES;
				CLANG_WARN_NON_LITERAL_NULL_CONVERSION = YES;
				CLANG_WARN_OBJC_IMPLICIT_RETAIN_SELF = YES;
				CLANG_WARN_OBJC_LITERAL_CONVERSION = YES;
				CLANG_WARN_OBJC_ROOT_CLASS = YES_ERROR;
				CLANG_WARN_QUOTED_INCLUDE_IN_FRAMEWORK_HEADER = YES;
				CLANG_WARN_RANGE_LOOP_ANALYSIS = YES;
				CLANG_WARN_STRICT_PROTOTYPES = YES;
				CLANG_WARN_SUSPICIOUS_MOVE = YES;
				CLANG_WARN_UNGUARDED_AVAILABILITY = YES_AGGRESSIVE;
				CLANG_WARN_UNREACHABLE_CODE = YES;
				CLANG_WARN__DUPLICATE_METHOD_MATCH = YES;
				COPY_PHASE_STRIP = NO;
				DEBUG_INFORMATION_FORMAT = "dwarf-with-dsym";
				ENABLE_NS_ASSERTIONS = NO;
				ENABLE_STRICT_OBJC_MSGSEND = YES;
				ENABLE_USER_SCRIPT_SANDBOXING = YES;
				GCC_C_LANGUAGE_STANDARD = gnu17;
				GCC_NO_COMMON_BLOCKS = YES;
				GCC_WARN_64_TO_32_BIT_CONVERSION = YES;
				GCC_WARN_ABOUT_RETURN_TYPE = YES_ERROR;
				GCC_WARN_UNDECLARED_SELECTOR = YES;
				GCC_WARN_UNINITIALIZED_AUTOS = YES_AGGRESSIVE;
				GCC_WARN_UNUSED_FUNCTION = YES;
				GCC_WARN_UNUSED_VARIABLE = YES;
				IPHONEOS_DEPLOYMENT_TARGET = 16.0;
				LOCALIZATION_PREFERS_STRING_CATALOGS = YES;
				MTL_ENABLE_DEBUG_INFO = NO;
				MTL_FAST_MATH = YES;
				SDKROOT = iphoneos;
				SWIFT_COMPILATION_MODE = wholemodule;
				VALIDATE_PRODUCT = YES;
			};
			name = Release;
		};
		085082662BF7CC37000E04C5 /* Debug */ = {
			isa = XCBuildConfiguration;
			buildSettings = {
				ASSETCATALOG_COMPILER_APPICON_NAME = AppIcon;
				ASSETCATALOG_COMPILER_GLOBAL_ACCENT_COLOR_NAME = AccentColor;
				CODE_SIGN_STYLE = Automatic;
				CURRENT_PROJECT_VERSION = 1;
				DEVELOPMENT_TEAM = 543L4H35A3;
				GENERATE_INFOPLIST_FILE = YES;
				INFOPLIST_FILE = JobTrackMacro5/Info.plist;
				INFOPLIST_KEY_CFBundleDisplayName = "Joby | Track Your Jobs";
				INFOPLIST_KEY_LSApplicationCategoryType = "public.app-category.productivity";
				INFOPLIST_KEY_UIApplicationSupportsIndirectInputEvents = YES;
				INFOPLIST_KEY_UILaunchStoryboardName = LaunchScreen;
				INFOPLIST_KEY_UIRequiresFullScreen = YES;
				INFOPLIST_KEY_UISupportedInterfaceOrientations = UIInterfaceOrientationPortrait;
				LD_RUNPATH_SEARCH_PATHS = (
					"$(inherited)",
					"@executable_path/Frameworks",
				);
				MARKETING_VERSION = 1.1;
				PRODUCT_BUNDLE_IDENTIFIER = br.mackenzie.academy.giovanna.micher.JobTrackMacro5;
				PRODUCT_NAME = "$(TARGET_NAME)";
				SUPPORTED_PLATFORMS = "iphoneos iphonesimulator";
				SUPPORTS_MACCATALYST = NO;
				SUPPORTS_MAC_DESIGNED_FOR_IPHONE_IPAD = NO;
				SUPPORTS_XR_DESIGNED_FOR_IPHONE_IPAD = NO;
				SWIFT_EMIT_LOC_STRINGS = YES;
				SWIFT_VERSION = 5.0;
				TARGETED_DEVICE_FAMILY = "1,2";
			};
			name = Debug;
		};
		085082672BF7CC37000E04C5 /* Release */ = {
			isa = XCBuildConfiguration;
			buildSettings = {
				ASSETCATALOG_COMPILER_APPICON_NAME = AppIcon;
				ASSETCATALOG_COMPILER_GLOBAL_ACCENT_COLOR_NAME = AccentColor;
				CODE_SIGN_STYLE = Automatic;
				CURRENT_PROJECT_VERSION = 1;
				DEVELOPMENT_TEAM = 543L4H35A3;
				GENERATE_INFOPLIST_FILE = YES;
				INFOPLIST_FILE = JobTrackMacro5/Info.plist;
				INFOPLIST_KEY_CFBundleDisplayName = "Joby | Track Your Jobs";
				INFOPLIST_KEY_LSApplicationCategoryType = "public.app-category.productivity";
				INFOPLIST_KEY_UIApplicationSupportsIndirectInputEvents = YES;
				INFOPLIST_KEY_UILaunchStoryboardName = LaunchScreen;
				INFOPLIST_KEY_UIRequiresFullScreen = YES;
				INFOPLIST_KEY_UISupportedInterfaceOrientations = UIInterfaceOrientationPortrait;
				LD_RUNPATH_SEARCH_PATHS = (
					"$(inherited)",
					"@executable_path/Frameworks",
				);
				MARKETING_VERSION = 1.1;
				PRODUCT_BUNDLE_IDENTIFIER = br.mackenzie.academy.giovanna.micher.JobTrackMacro5;
				PRODUCT_NAME = "$(TARGET_NAME)";
				SUPPORTED_PLATFORMS = "iphoneos iphonesimulator";
				SUPPORTS_MACCATALYST = NO;
				SUPPORTS_MAC_DESIGNED_FOR_IPHONE_IPAD = NO;
				SUPPORTS_XR_DESIGNED_FOR_IPHONE_IPAD = NO;
				SWIFT_EMIT_LOC_STRINGS = YES;
				SWIFT_VERSION = 5.0;
				TARGETED_DEVICE_FAMILY = "1,2";
			};
			name = Release;
		};
/* End XCBuildConfiguration section */

/* Begin XCConfigurationList section */
		085082492BF7CC36000E04C5 /* Build configuration list for PBXProject "JobTrackMacro5" */ = {
			isa = XCConfigurationList;
			buildConfigurations = (
				085082632BF7CC37000E04C5 /* Debug */,
				085082642BF7CC37000E04C5 /* Release */,
			);
			defaultConfigurationIsVisible = 0;
			defaultConfigurationName = Release;
		};
		085082652BF7CC37000E04C5 /* Build configuration list for PBXNativeTarget "JobTrackMacro5" */ = {
			isa = XCConfigurationList;
			buildConfigurations = (
				085082662BF7CC37000E04C5 /* Debug */,
				085082672BF7CC37000E04C5 /* Release */,
			);
			defaultConfigurationIsVisible = 0;
			defaultConfigurationName = Release;
		};
/* End XCConfigurationList section */

/* Begin XCVersionGroup section */
		0850825A2BF7CC36000E04C5 /* JobTrackMacro5.xcdatamodeld */ = {
			isa = XCVersionGroup;
			children = (
				0850825B2BF7CC36000E04C5 /* JobTrackMacro5.xcdatamodel */,
			);
			currentVersion = 0850825B2BF7CC36000E04C5 /* JobTrackMacro5.xcdatamodel */;
			path = JobTrackMacro5.xcdatamodeld;
			sourceTree = "<group>";
			versionGroupType = wrapper.xcdatamodel;
		};
/* End XCVersionGroup section */
	};
	rootObject = 085082462BF7CC36000E04C5 /* Project object */;
}
